
Microsoft Visual Studio Solution File, Format Version 12.00
# Visual Studio Version 16
VisualStudioVersion = 16.0.33328.57
MinimumVisualStudioVersion = 10.0.40219.1
Project("{FAE04EC0-301F-11D3-BF4B-00C04F79EFBC}") = "20230310", "20230310\20230310.csproj", "{46D99BC9-0421-4C63-A542-4DCC23DB4254}"
EndProject
Project("{FAE04EC0-301F-11D3-BF4B-00C04F79EFBC}") = "p151_ex3", "20230314\p151_ex3.csproj", "{83D48824-579F-466D-94A2-51B86B7F01B3}"
EndProject
Project("{FAE04EC0-301F-11D3-BF4B-00C04F79EFBC}") = "p151_ex4", "p151_ex4\p151_ex4.csproj", "{C79BE7C5-6C62-4481-9E7C-D66AC2D9C118}"
EndProject
Project("{FAE04EC0-301F-11D3-BF4B-00C04F79EFBC}") = "p151_ex5", "p151_ex5\p151_ex5.csproj", "{33DBF517-A605-4C20-BD9F-895893A181A4}"
EndProject
Project("{FAE04EC0-301F-11D3-BF4B-00C04F79EFBC}") = "p151_ex5-1", "p151_ex5-1\p151_ex5-1.csproj", "{860B2A00-4AD7-4965-BD10-C680CA69D4F6}"
EndProject
Project("{FAE04EC0-301F-11D3-BF4B-00C04F79EFBC}") = "ForFor", "ForFor\ForFor.csproj", "{657D9AB5-D6A1-49D7-ABE1-60F88D3B611C}"
EndProject
Project("{FAE04EC0-301F-11D3-BF4B-00C04F79EFBC}") = "Diamond", "Diamond\Diamond.csproj", "{36C66F4F-1A4B-4AF6-A40A-A52D80EE66A0}"
EndProject
Project("{FAE04EC0-301F-11D3-BF4B-00C04F79EFBC}") = "MultiChar", "MultiChar\MultiChar.csproj", "{E288C77F-BDA8-4051-93B9-96DF7CD6E66F}"
EndProject
Project("{FAE04EC0-301F-11D3-BF4B-00C04F79EFBC}") = "Hourglass", "Hourglass\Hourglass.csproj", "{6FCA2E74-91F5-4262-9FFA-CCCCD0616A6A}"
EndProject
Project("{FAE04EC0-301F-11D3-BF4B-00C04F79EFBC}") = "Diamond2", "Diamond2\Diamond2.csproj", "{0780A33F-AD19-46E9-8982-08AD0F1917C6}"
EndProject
Global
	GlobalSection(SolutionConfigurationPlatforms) = preSolution
		Debug|Any CPU = Debug|Any CPU
		Release|Any CPU = Release|Any CPU
	EndGlobalSection
	GlobalSection(ProjectConfigurationPlatforms) = postSolution
		{46D99BC9-0421-4C63-A542-4DCC23DB4254}.Debug|Any CPU.ActiveCfg = Debug|Any CPU
		{46D99BC9-0421-4C63-A542-4DCC23DB4254}.Debug|Any CPU.Build.0 = Debug|Any CPU
		{46D99BC9-0421-4C63-A542-4DCC23DB4254}.Release|Any CPU.ActiveCfg = Release|Any CPU
		{46D99BC9-0421-4C63-A542-4DCC23DB4254}.Release|Any CPU.Build.0 = Release|Any CPU
		{83D48824-579F-466D-94A2-51B86B7F01B3}.Debug|Any CPU.ActiveCfg = Debug|Any CPU
		{83D48824-579F-466D-94A2-51B86B7F01B3}.Debug|Any CPU.Build.0 = Debug|Any CPU
		{83D48824-579F-466D-94A2-51B86B7F01B3}.Release|Any CPU.ActiveCfg = Release|Any CPU
		{83D48824-579F-466D-94A2-51B86B7F01B3}.Release|Any CPU.Build.0 = Release|Any CPU
		{C79BE7C5-6C62-4481-9E7C-D66AC2D9C118}.Debug|Any CPU.ActiveCfg = Debug|Any CPU
		{C79BE7C5-6C62-4481-9E7C-D66AC2D9C118}.Debug|Any CPU.Build.0 = Debug|Any CPU
		{C79BE7C5-6C62-4481-9E7C-D66AC2D9C118}.Release|Any CPU.ActiveCfg = Release|Any CPU
		{C79BE7C5-6C62-4481-9E7C-D66AC2D9C118}.Release|Any CPU.Build.0 = Release|Any CPU
		{33DBF517-A605-4C20-BD9F-895893A181A4}.Debug|Any CPU.ActiveCfg = Debug|Any CPU
		{33DBF517-A605-4C20-BD9F-895893A181A4}.Debug|Any CPU.Build.0 = Debug|Any CPU
		{33DBF517-A605-4C20-BD9F-895893A181A4}.Release|Any CPU.ActiveCfg = Release|Any CPU
		{33DBF517-A605-4C20-BD9F-895893A181A4}.Release|Any CPU.Build.0 = Release|Any CPU
		{860B2A00-4AD7-4965-BD10-C680CA69D4F6}.Debug|Any CPU.ActiveCfg = Debug|Any CPU
		{860B2A00-4AD7-4965-BD10-C680CA69D4F6}.Debug|Any CPU.Build.0 = Debug|Any CPU
		{860B2A00-4AD7-4965-BD10-C680CA69D4F6}.Release|Any CPU.ActiveCfg = Release|Any CPU
		{860B2A00-4AD7-4965-BD10-C680CA69D4F6}.Release|Any CPU.Build.0 = Release|Any CPU
		{657D9AB5-D6A1-49D7-ABE1-60F88D3B611C}.Debug|Any CPU.ActiveCfg = Debug|Any CPU
		{657D9AB5-D6A1-49D7-ABE1-60F88D3B611C}.Debug|Any CPU.Build.0 = Debug|Any CPU
		{657D9AB5-D6A1-49D7-ABE1-60F88D3B611C}.Release|Any CPU.ActiveCfg = Release|Any CPU
		{657D9AB5-D6A1-49D7-ABE1-60F88D3B611C}.Release|Any CPU.Build.0 = Release|Any CPU
		{36C66F4F-1A4B-4AF6-A40A-A52D80EE66A0}.Debug|Any CPU.ActiveCfg = Debug|Any CPU
		{36C66F4F-1A4B-4AF6-A40A-A52D80EE66A0}.Debug|Any CPU.Build.0 = Debug|Any CPU
		{36C66F4F-1A4B-4AF6-A40A-A52D80EE66A0}.Release|Any CPU.ActiveCfg = Release|Any CPU
		{36C66F4F-1A4B-4AF6-A40A-A52D80EE66A0}.Release|Any CPU.Build.0 = Release|Any CPU
		{E288C77F-BDA8-4051-93B9-96DF7CD6E66F}.Debug|Any CPU.ActiveCfg = Debug|Any CPU
		{E288C77F-BDA8-4051-93B9-96DF7CD6E66F}.Debug|Any CPU.Build.0 = Debug|Any CPU
		{E288C77F-BDA8-4051-93B9-96DF7CD6E66F}.Release|Any CPU.ActiveCfg = Release|Any CPU
		{E288C77F-BDA8-4051-93B9-96DF7CD6E66F}.Release|Any CPU.Build.0 = Release|Any CPU
		{6FCA2E74-91F5-4262-9FFA-CCCCD0616A6A}.Debug|Any CPU.ActiveCfg = Debug|Any CPU
		{6FCA2E74-91F5-4262-9FFA-CCCCD0616A6A}.Debug|Any CPU.Build.0 = Debug|Any CPU
		{6FCA2E74-91F5-4262-9FFA-CCCCD0616A6A}.Release|Any CPU.ActiveCfg = Release|Any CPU
		{6FCA2E74-91F5-4262-9FFA-CCCCD0616A6A}.Release|Any CPU.Build.0 = Release|Any CPU
		{0780A33F-AD19-46E9-8982-08AD0F1917C6}.Debug|Any CPU.ActiveCfg = Debug|Any CPU
		{0780A33F-AD19-46E9-8982-08AD0F1917C6}.Debug|Any CPU.Build.0 = Debug|Any CPU
		{0780A33F-AD19-46E9-8982-08AD0F1917C6}.Release|Any CPU.ActiveCfg = Release|Any CPU
		{0780A33F-AD19-46E9-8982-08AD0F1917C6}.Release|Any CPU.Build.0 = Release|Any CPU
	EndGlobalSection
	GlobalSection(SolutionProperties) = preSolution
		HideSolutionNode = FALSE
	EndGlobalSection
	GlobalSection(ExtensibilityGlobals) = postSolution
		SolutionGuid = {03518B67-B41A-4724-AA2F-1037EBCEF635}
	EndGlobalSection
EndGlobal
